
Microsoft Visual Studio Solution File, Format Version 12.00
# Visual Studio Version 17
VisualStudioVersion = 17.7.34221.43
MinimumVisualStudioVersion = 10.0.40219.1
Project("{9A19103F-16F7-4668-BE54-9A1E7A4F7556}") = "Blogger.Application.API", "Blogger.Application.API\Blogger.Application.API.csproj", "{3C4172FE-37FC-4113-B1D2-AE0F0E2296B2}"
EndProject
Project("{9A19103F-16F7-4668-BE54-9A1E7A4F7556}") = "Blogger.Infrastructure.Database", "Blogger.Infrastructure.Database\Blogger.Infrastructure.Database.csproj", "{191FA5FF-4FA5-4A10-8C5F-257770872199}"
EndProject
Project("{9A19103F-16F7-4668-BE54-9A1E7A4F7556}") = "Blogger.UseCases.Core", "Blogger.UseCases.Core\Blogger.UseCases.Core.csproj", "{FFD16641-7F79-4451-BCC1-B42F59F78D4A}"
EndProject
Project("{FAE04EC0-301F-11D3-BF4B-00C04F79EFBC}") = "Blogger.Infrastructure.Database.UnitTests", "UnitTests\Blogger.Infrastructure.Database.UnitTests\Blogger.Infrastructure.Database.UnitTests.csproj", "{C0EBF988-17DB-4DB9-89FC-4A219BDE7671}"
EndProject
Project("{2150E333-8FDC-42A3-9474-1A3956D46DE8}") = "UnitTests", "UnitTests", "{B09A6F33-828E-4E7E-BAB7-61C46EDD9AD7}"
EndProject
Global
	GlobalSection(SolutionConfigurationPlatforms) = preSolution
		Debug|Any CPU = Debug|Any CPU
		Release|Any CPU = Release|Any CPU
	EndGlobalSection
	GlobalSection(ProjectConfigurationPlatforms) = postSolution
		{3C4172FE-37FC-4113-B1D2-AE0F0E2296B2}.Debug|Any CPU.ActiveCfg = Debug|Any CPU
		{3C4172FE-37FC-4113-B1D2-AE0F0E2296B2}.Debug|Any CPU.Build.0 = Debug|Any CPU
		{3C4172FE-37FC-4113-B1D2-AE0F0E2296B2}.Release|Any CPU.ActiveCfg = Release|Any CPU
		{3C4172FE-37FC-4113-B1D2-AE0F0E2296B2}.Release|Any CPU.Build.0 = Release|Any CPU
		{191FA5FF-4FA5-4A10-8C5F-257770872199}.Debug|Any CPU.ActiveCfg = Debug|Any CPU
		{191FA5FF-4FA5-4A10-8C5F-257770872199}.Debug|Any CPU.Build.0 = Debug|Any CPU
		{191FA5FF-4FA5-4A10-8C5F-257770872199}.Release|Any CPU.ActiveCfg = Release|Any CPU
		{191FA5FF-4FA5-4A10-8C5F-257770872199}.Release|Any CPU.Build.0 = Release|Any CPU
		{FFD16641-7F79-4451-BCC1-B42F59F78D4A}.Debug|Any CPU.ActiveCfg = Debug|Any CPU
		{FFD16641-7F79-4451-BCC1-B42F59F78D4A}.Debug|Any CPU.Build.0 = Debug|Any CPU
		{FFD16641-7F79-4451-BCC1-B42F59F78D4A}.Release|Any CPU.ActiveCfg = Release|Any CPU
		{FFD16641-7F79-4451-BCC1-B42F59F78D4A}.Release|Any CPU.Build.0 = Release|Any CPU
		{C0EBF988-17DB-4DB9-89FC-4A219BDE7671}.Debug|Any CPU.ActiveCfg = Debug|Any CPU
		{C0EBF988-17DB-4DB9-89FC-4A219BDE7671}.Debug|Any CPU.Build.0 = Debug|Any CPU
		{C0EBF988-17DB-4DB9-89FC-4A219BDE7671}.Release|Any CPU.ActiveCfg = Release|Any CPU
		{C0EBF988-17DB-4DB9-89FC-4A219BDE7671}.Release|Any CPU.Build.0 = Release|Any CPU
	EndGlobalSection
	GlobalSection(SolutionProperties) = preSolution
		HideSolutionNode = FALSE
	EndGlobalSection
	GlobalSection(NestedProjects) = preSolution
		{C0EBF988-17DB-4DB9-89FC-4A219BDE7671} = {B09A6F33-828E-4E7E-BAB7-61C46EDD9AD7}
	EndGlobalSection
	GlobalSection(ExtensibilityGlobals) = postSolution
		SolutionGuid = {0BC3D7E7-3B8B-42B7-AD4B-55F3915709AD}
	EndGlobalSection
EndGlobal
